// !$*UTF8*$!
{
	archiveVersion = 1;
	classes = {
	};
	objectVersion = 77;
	objects = {

/* Begin PBXContainerItemProxy section */
		CE5D9F252DDF0A5D00F7A5E0 /* PBXContainerItemProxy */ = {
			isa = PBXContainerItemProxy;
			containerPortal = CE5D9F082DDF0A5B00F7A5E0 /* Project object */;
			proxyType = 1;
			remoteGlobalIDString = CE5D9F0F2DDF0A5B00F7A5E0;
			remoteInfo = Muscle_Journal;
		};
		CE5D9F2F2DDF0A5D00F7A5E0 /* PBXContainerItemProxy */ = {
			isa = PBXContainerItemProxy;
			containerPortal = CE5D9F082DDF0A5B00F7A5E0 /* Project object */;
			proxyType = 1;
			remoteGlobalIDString = CE5D9F0F2DDF0A5B00F7A5E0;
			remoteInfo = Muscle_Journal;
		};
/* End PBXContainerItemProxy section */

/* Begin PBXFileReference section */
		CE5D9F102DDF0A5B00F7A5E0 /* Muscle_Journal.app */ = {isa = PBXFileReference; explicitFileType = wrapper.application; includeInIndex = 0; path = Muscle_Journal.app; sourceTree = BUILT_PRODUCTS_DIR; };
		CE5D9F242DDF0A5D00F7A5E0 /* Muscle_JournalTests.xctest */ = {isa = PBXFileReference; explicitFileType = wrapper.cfbundle; includeInIndex = 0; path = Muscle_JournalTests.xctest; sourceTree = BUILT_PRODUCTS_DIR; };
		CE5D9F2E2DDF0A5D00F7A5E0 /* Muscle_JournalUITests.xctest */ = {isa = PBXFileReference; explicitFileType = wrapper.cfbundle; includeInIndex = 0; path = Muscle_JournalUITests.xctest; sourceTree = BUILT_PRODUCTS_DIR; };
/* End PBXFileReference section */

/* Begin PBXFileSystemSynchronizedBuildFileExceptionSet section */
		CE5D9F362DDF0A5D00F7A5E0 /* Exceptions for "Muscle_Journal" folder in "Muscle_Journal" target */ = {
			isa = PBXFileSystemSynchronizedBuildFileExceptionSet;
			membershipExceptions = (
				Info.plist,
			);
			target = CE5D9F0F2DDF0A5B00F7A5E0 /* Muscle_Journal */;
		};
/* End PBXFileSystemSynchronizedBuildFileExceptionSet section */

/* Begin PBXFileSystemSynchronizedRootGroup section */
		CE5D9F122DDF0A5B00F7A5E0 /* Muscle_Journal */ = {
			isa = PBXFileSystemSynchronizedRootGroup;
			exceptions = (
				CE5D9F362DDF0A5D00F7A5E0 /* Exceptions for "Muscle_Journal" folder in "Muscle_Journal" target */,
			);
			path = Muscle_Journal;
			sourceTree = "<group>";
		};
		CE5D9F272DDF0A5D00F7A5E0 /* Muscle_JournalTests */ = {
			isa = PBXFileSystemSynchronizedRootGroup;
			path = Muscle_JournalTests;
			sourceTree = "<group>";
		};
		CE5D9F312DDF0A5D00F7A5E0 /* Muscle_JournalUITests */ = {
			isa = PBXFileSystemSynchronizedRootGroup;
			path = Muscle_JournalUITests;
			sourceTree = "<group>";
		};
/* End PBXFileSystemSynchronizedRootGroup section */

/* Begin PBXFrameworksBuildPhase section */
		CE5D9F0D2DDF0A5B00F7A5E0 /* Frameworks */ = {
			isa = PBXFrameworksBuildPhase;
			buildActionMask = 2147483647;
			files = (
			);
			runOnlyForDeploymentPostprocessing = 0;
		};
		CE5D9F212DDF0A5D00F7A5E0 /* Frameworks */ = {
			isa = PBXFrameworksBuildPhase;
			buildActionMask = 2147483647;
			files = (
			);
			runOnlyForDeploymentPostprocessing = 0;
		};
		CE5D9F2B2DDF0A5D00F7A5E0 /* Frameworks */ = {
			isa = PBXFrameworksBuildPhase;
			buildActionMask = 2147483647;
			files = (
			);
			runOnlyForDeploymentPostprocessing = 0;
		};
/* End PBXFrameworksBuildPhase section */

/* Begin PBXGroup section */
		CE5D9F072DDF0A5B00F7A5E0 = {
			isa = PBXGroup;
			children = (
				CE5D9F122DDF0A5B00F7A5E0 /* Muscle_Journal */,
				CE5D9F272DDF0A5D00F7A5E0 /* Muscle_JournalTests */,
				CE5D9F312DDF0A5D00F7A5E0 /* Muscle_JournalUITests */,
				CE5D9F112DDF0A5B00F7A5E0 /* Products */,
			);
			sourceTree = "<group>";
		};
		CE5D9F112DDF0A5B00F7A5E0 /* Products */ = {
			isa = PBXGroup;
			children = (
				CE5D9F102DDF0A5B00F7A5E0 /* Muscle_Journal.app */,
				CE5D9F242DDF0A5D00F7A5E0 /* Muscle_JournalTests.xctest */,
				CE5D9F2E2DDF0A5D00F7A5E0 /* Muscle_JournalUITests.xctest */,
			);
			name = Products;
			sourceTree = "<group>";
		};
/* End PBXGroup section */

/* Begin PBXNativeTarget section */
		CE5D9F0F2DDF0A5B00F7A5E0 /* Muscle_Journal */ = {
			isa = PBXNativeTarget;
			buildConfigurationList = CE5D9F372DDF0A5D00F7A5E0 /* Build configuration list for PBXNativeTarget "Muscle_Journal" */;
			buildPhases = (
				CE5D9F0C2DDF0A5B00F7A5E0 /* Sources */,
				CE5D9F0D2DDF0A5B00F7A5E0 /* Frameworks */,
				CE5D9F0E2DDF0A5B00F7A5E0 /* Resources */,
			);
			buildRules = (
			);
			dependencies = (
			);
			fileSystemSynchronizedGroups = (
				CE5D9F122DDF0A5B00F7A5E0 /* Muscle_Journal */,
			);
			name = Muscle_Journal;
			packageProductDependencies = (
			);
			productName = Muscle_Journal;
			productReference = CE5D9F102DDF0A5B00F7A5E0 /* Muscle_Journal.app */;
			productType = "com.apple.product-type.application";
		};
		CE5D9F232DDF0A5D00F7A5E0 /* Muscle_JournalTests */ = {
			isa = PBXNativeTarget;
			buildConfigurationList = CE5D9F3C2DDF0A5D00F7A5E0 /* Build configuration list for PBXNativeTarget "Muscle_JournalTests" */;
			buildPhases = (
				CE5D9F202DDF0A5D00F7A5E0 /* Sources */,
				CE5D9F212DDF0A5D00F7A5E0 /* Frameworks */,
				CE5D9F222DDF0A5D00F7A5E0 /* Resources */,
			);
			buildRules = (
			);
			dependencies = (
				CE5D9F262DDF0A5D00F7A5E0 /* PBXTargetDependency */,
			);
			fileSystemSynchronizedGroups = (
				CE5D9F272DDF0A5D00F7A5E0 /* Muscle_JournalTests */,
			);
			name = Muscle_JournalTests;
			packageProductDependencies = (
			);
			productName = Muscle_JournalTests;
			productReference = CE5D9F242DDF0A5D00F7A5E0 /* Muscle_JournalTests.xctest */;
			productType = "com.apple.product-type.bundle.unit-test";
		};
		CE5D9F2D2DDF0A5D00F7A5E0 /* Muscle_JournalUITests */ = {
			isa = PBXNativeTarget;
			buildConfigurationList = CE5D9F3F2DDF0A5D00F7A5E0 /* Build configuration list for PBXNativeTarget "Muscle_JournalUITests" */;
			buildPhases = (
				CE5D9F2A2DDF0A5D00F7A5E0 /* Sources */,
				CE5D9F2B2DDF0A5D00F7A5E0 /* Frameworks */,
				CE5D9F2C2DDF0A5D00F7A5E0 /* Resources */,
			);
			buildRules = (
			);
			dependencies = (
				CE5D9F302DDF0A5D00F7A5E0 /* PBXTargetDependency */,
			);
			fileSystemSynchronizedGroups = (
				CE5D9F312DDF0A5D00F7A5E0 /* Muscle_JournalUITests */,
			);
			name = Muscle_JournalUITests;
			packageProductDependencies = (
			);
			productName = Muscle_JournalUITests;
			productReference = CE5D9F2E2DDF0A5D00F7A5E0 /* Muscle_JournalUITests.xctest */;
			productType = "com.apple.product-type.bundle.ui-testing";
		};
/* End PBXNativeTarget section */

/* Begin PBXProject section */
		CE5D9F082DDF0A5B00F7A5E0 /* Project object */ = {
			isa = PBXProject;
			attributes = {
				BuildIndependentTargetsInParallel = 1;
				LastSwiftUpdateCheck = 1630;
				LastUpgradeCheck = 1630;
				TargetAttributes = {
					CE5D9F0F2DDF0A5B00F7A5E0 = {
						CreatedOnToolsVersion = 16.3;
					};
					CE5D9F232DDF0A5D00F7A5E0 = {
						CreatedOnToolsVersion = 16.3;
						TestTargetID = CE5D9F0F2DDF0A5B00F7A5E0;
					};
					CE5D9F2D2DDF0A5D00F7A5E0 = {
						CreatedOnToolsVersion = 16.3;
						TestTargetID = CE5D9F0F2DDF0A5B00F7A5E0;
					};
				};
			};
			buildConfigurationList = CE5D9F0B2DDF0A5B00F7A5E0 /* Build configuration list for PBXProject "Muscle_Journal" */;
			developmentRegion = en;
			hasScannedForEncodings = 0;
			knownRegions = (
				en,
				Base,
			);
			mainGroup = CE5D9F072DDF0A5B00F7A5E0;
			minimizedProjectReferenceProxies = 1;
			preferredProjectObjectVersion = 77;
			productRefGroup = CE5D9F112DDF0A5B00F7A5E0 /* Products */;
			projectDirPath = "";
			projectRoot = "";
			targets = (
				CE5D9F0F2DDF0A5B00F7A5E0 /* Muscle_Journal */,
				CE5D9F232DDF0A5D00F7A5E0 /* Muscle_JournalTests */,
				CE5D9F2D2DDF0A5D00F7A5E0 /* Muscle_JournalUITests */,
			);
		};
/* End PBXProject section */

/* Begin PBXResourcesBuildPhase section */
		CE5D9F0E2DDF0A5B00F7A5E0 /* Resources */ = {
			isa = PBXResourcesBuildPhase;
			buildActionMask = 2147483647;
			files = (
			);
			runOnlyForDeploymentPostprocessing = 0;
		};
		CE5D9F222DDF0A5D00F7A5E0 /* Resources */ = {
			isa = PBXResourcesBuildPhase;
			buildActionMask = 2147483647;
			files = (
			);
			runOnlyForDeploymentPostprocessing = 0;
		};
		CE5D9F2C2DDF0A5D00F7A5E0 /* Resources */ = {
			isa = PBXResourcesBuildPhase;
			buildActionMask = 2147483647;
			files = (
			);
			runOnlyForDeploymentPostprocessing = 0;
		};
/* End PBXResourcesBuildPhase section */

/* Begin PBXSourcesBuildPhase section */
		CE5D9F0C2DDF0A5B00F7A5E0 /* Sources */ = {
			isa = PBXSourcesBuildPhase;
			buildActionMask = 2147483647;
			files = (
			);
			runOnlyForDeploymentPostprocessing = 0;
		};
		CE5D9F202DDF0A5D00F7A5E0 /* Sources */ = {
			isa = PBXSourcesBuildPhase;
			buildActionMask = 2147483647;
			files = (
			);
			runOnlyForDeploymentPostprocessing = 0;
		};
		CE5D9F2A2DDF0A5D00F7A5E0 /* Sources */ = {
			isa = PBXSourcesBuildPhase;
			buildActionMask = 2147483647;
			files = (
			);
			runOnlyForDeploymentPostprocessing = 0;
		};
/* End PBXSourcesBuildPhase section */

/* Begin PBXTargetDependency section */
		CE5D9F262DDF0A5D00F7A5E0 /* PBXTargetDependency */ = {
			isa = PBXTargetDependency;
			target = CE5D9F0F2DDF0A5B00F7A5E0 /* Muscle_Journal */;
			targetProxy = CE5D9F252DDF0A5D00F7A5E0 /* PBXContainerItemProxy */;
		};
		CE5D9F302DDF0A5D00F7A5E0 /* PBXTargetDependency */ = {
			isa = PBXTargetDependency;
			target = CE5D9F0F2DDF0A5B00F7A5E0 /* Muscle_Journal */;
			targetProxy = CE5D9F2F2DDF0A5D00F7A5E0 /* PBXContainerItemProxy */;
		};
/* End PBXTargetDependency section */

/* Begin XCBuildConfiguration section */
		CE5D9F382DDF0A5D00F7A5E0 /* Debug */ = {
			isa = XCBuildConfiguration;
			buildSettings = {
				ASSETCATALOG_COMPILER_APPICON_NAME = AppIcon;
				ASSETCATALOG_COMPILER_GLOBAL_ACCENT_COLOR_NAME = AccentColor;
				CODE_SIGN_ENTITLEMENTS = Muscle_Journal/Muscle_Journal.entitlements;
				CODE_SIGN_STYLE = Automatic;
				CURRENT_PROJECT_VERSION = 1;
				ENABLE_PREVIEWS = YES;
				GENERATE_INFOPLIST_FILE = YES;
				INFOPLIST_FILE = Muscle_Journal/Info.plist;
				INFOPLIST_KEY_UIApplicationSceneManifest_Generation = YES;
				INFOPLIST_KEY_UIApplicationSupportsIndirectInputEvents = YES;
				INFOPLIST_KEY_UILaunchScreen_Generation = YES;
				INFOPLIST_KEY_UISupportedInterfaceOrientations_iPad = "UIInterfaceOrientationPortrait UIInterfaceOrientationPortraitUpsideDown UIInterfaceOrientationLandscapeLeft UIInterfaceOrientationLandscapeRight";
				INFOPLIST_KEY_UISupportedInterfaceOrientations_iPhone = "UIInterfaceOrientationPortrait UIInterfaceOrientationLandscapeLeft UIInterfaceOrientationLandscapeRight";
				LD_RUNPATH_SEARCH_PATHS = (
					"$(inherited)",
					"@executable_path/Frameworks",
				);
				MARKETING_VERSION = 1.0;
				PRODUCT_BUNDLE_IDENTIFIER = "com.mohsin.Muscle-Journal";
				PRODUCT_NAME = "$(TARGET_NAME)";
				SWIFT_EMIT_LOC_STRINGS = YES;
				SWIFT_VERSION = 5.0;
				TARGETED_DEVICE_FAMILY = "1,2";
			};
			name = Debug;
		};
		CE5D9F392DDF0A5D00F7A5E0 /* Release */ = {
			isa = XCBuildConfiguration;
			buildSettings = {
				ASSETCATALOG_COMPILER_APPICON_NAME = AppIcon;
				ASSETCATALOG_COMPILER_GLOBAL_ACCENT_COLOR_NAME = AccentColor;
				CODE_SIGN_ENTITLEMENTS = Muscle_Journal/Muscle_Journal.entitlements;
				CODE_SIGN_STYLE = Automatic;
				CURRENT_PROJECT_VERSION = 1;
				ENABLE_PREVIEWS = YES;
				GENERATE_INFOPLIST_FILE = YES;
				INFOPLIST_FILE = Muscle_Journal/Info.plist;
				INFOPLIST_KEY_UIApplicationSceneManifest_Generation = YES;
				INFOPLIST_KEY_UIApplicationSupportsIndirectInputEvents = YES;
				INFOPLIST_KEY_UILaunchScreen_Generation = YES;
				INFOPLIST_KEY_UISupportedInterfaceOrientations_iPad = "UIInterfaceOrientationPortrait UIInterfaceOrientationPortraitUpsideDown UIInterfaceOrientationLandscapeLeft UIInterfaceOrientationLandscapeRight";
				INFOPLIST_KEY_UISupportedInterfaceOrientations_iPhone = "UIInterfaceOrientationPortrait UIInterfaceOrientationLandscapeLeft UIInterfaceOrientationLandscapeRight";
				LD_RUNPATH_SEARCH_PATHS = (
					"$(inherited)",
					"@executable_path/Frameworks",
				);
				MARKETING_VERSION = 1.0;
				PRODUCT_BUNDLE_IDENTIFIER = "com.mohsin.Muscle-Journal";
				PRODUCT_NAME = "$(TARGET_NAME)";
				SWIFT_EMIT_LOC_STRINGS = YES;
				SWIFT_VERSION = 5.0;
				TARGETED_DEVICE_FAMILY = "1,2";
			};
			name = Release;
		};
		CE5D9F3A2DDF0A5D00F7A5E0 /* Debug */ = {
			isa = XCBuildConfiguration;
			buildSettings = {
				ALWAYS_SEARCH_USER_PATHS = NO;
				ASSETCATALOG_COMPILER_GENERATE_SWIFT_ASSET_SYMBOL_EXTENSIONS = YES;
				CLANG_ANALYZER_NONNULL = YES;
				CLANG_ANALYZER_NUMBER_OBJECT_CONVERSION = YES_AGGRESSIVE;
				CLANG_CXX_LANGUAGE_STANDARD = "gnu++20";
				CLANG_ENABLE_MODULES = YES;
				CLANG_ENABLE_OBJC_ARC = YES;
				CLANG_ENABLE_OBJC_WEAK = YES;
				CLANG_WARN_BLOCK_CAPTURE_AUTORELEASING = YES;
				CLANG_WARN_BOOL_CONVERSION = YES;
				CLANG_WARN_COMMA = YES;
				CLANG_WARN_CONSTANT_CONVERSION = YES;
				CLANG_WARN_DEPRECATED_OBJC_IMPLEMENTATIONS = YES;
				CLANG_WARN_DIRECT_OBJC_ISA_USAGE = YES_ERROR;
				CLANG_WARN_DOCUMENTATION_COMMENTS = YES;
				CLANG_WARN_EMPTY_BODY = YES;
				CLANG_WARN_ENUM_CONVERSION = YES;
				CLANG_WARN_INFINITE_RECURSION = YES;
				CLANG_WARN_INT_CONVERSION = YES;
				CLANG_WARN_NON_LITERAL_NULL_CONVERSION = YES;
				CLANG_WARN_OBJC_IMPLICIT_RETAIN_SELF = YES;
				CLANG_WARN_OBJC_LITERAL_CONVERSION = YES;
				CLANG_WARN_OBJC_ROOT_CLASS = YES_ERROR;
				CLANG_WARN_QUOTED_INCLUDE_IN_FRAMEWORK_HEADER = YES;
				CLANG_WARN_RANGE_LOOP_ANALYSIS = YES;
				CLANG_WARN_STRICT_PROTOTYPES = YES;
				CLANG_WARN_SUSPICIOUS_MOVE = YES;
				CLANG_WARN_UNGUARDED_AVAILABILITY = YES_AGGRESSIVE;
				CLANG_WARN_UNREACHABLE_CODE = YES;
				CLANG_WARN__DUPLICATE_METHOD_MATCH = YES;
				COPY_PHASE_STRIP = NO;
				DEBUG_INFORMATION_FORMAT = dwarf;
				ENABLE_STRICT_OBJC_MSGSEND = YES;
				ENABLE_TESTABILITY = YES;
				ENABLE_USER_SCRIPT_SANDBOXING = YES;
				GCC_C_LANGUAGE_STANDARD = gnu17;
				GCC_DYNAMIC_NO_PIC = NO;
				GCC_NO_COMMON_BLOCKS = YES;
				GCC_OPTIMIZATION_LEVEL = 0;
				GCC_PREPROCESSOR_DEFINITIONS = (
					"DEBUG=1",
					"$(inherited)",
				);
				GCC_WARN_64_TO_32_BIT_CONVERSION = YES;
				GCC_WARN_ABOUT_RETURN_TYPE = YES_ERROR;
				GCC_WARN_UNDECLARED_SELECTOR = YES;
				GCC_WARN_UNINITIALIZED_AUTOS = YES_AGGRESSIVE;
				GCC_WARN_UNUSED_FUNCTION = YES;
				GCC_WARN_UNUSED_VARIABLE = YES;
				IPHONEOS_DEPLOYMENT_TARGET = 18.4;
				LOCALIZATION_PREFERS_STRING_CATALOGS = YES;
				MTL_ENABLE_DEBUG_INFO = INCLUDE_SOURCE;
				MTL_FAST_MATH = YES;
				ONLY_ACTIVE_ARCH = YES;
				SDKROOT = iphoneos;
				SWIFT_ACTIVE_COMPILATION_CONDITIONS = "DEBUG $(inherited)";
				SWIFT_OPTIMIZATION_LEVEL = "-Onone";
			};
			name = Debug;
		};
		CE5D9F3B2DDF0A5D00F7A5E0 /* Release */ = {
			isa = XCBuildConfiguration;
			buildSettings = {
				ALWAYS_SEARCH_USER_PATHS = NO;
				ASSETCATALOG_COMPILER_GENERATE_SWIFT_ASSET_SYMBOL_EXTENSIONS = YES;
				CLANG_ANALYZER_NONNULL = YES;
				CLANG_ANALYZER_NUMBER_OBJECT_CONVERSION = YES_AGGRESSIVE;
				CLANG_CXX_LANGUAGE_STANDARD = "gnu++20";
				CLANG_ENABLE_MODULES = YES;
				CLANG_ENABLE_OBJC_ARC = YES;
				CLANG_ENABLE_OBJC_WEAK = YES;
				CLANG_WARN_BLOCK_CAPTURE_AUTORELEASING = YES;
				CLANG_WARN_BOOL_CONVERSION = YES;
				CLANG_WARN_COMMA = YES;
				CLANG_WARN_CONSTANT_CONVERSION = YES;
				CLANG_WARN_DEPRECATED_OBJC_IMPLEMENTATIONS = YES;
				CLANG_WARN_DIRECT_OBJC_ISA_USAGE = YES_ERROR;
				CLANG_WARN_DOCUMENTATION_COMMENTS = YES;
				CLANG_WARN_EMPTY_BODY = YES;
				CLANG_WARN_ENUM_CONVERSION = YES;
				CLANG_WARN_INFINITE_RECURSION = YES;
				CLANG_WARN_INT_CONVERSION = YES;
				CLANG_WARN_NON_LITERAL_NULL_CONVERSION = YES;
				CLANG_WARN_OBJC_IMPLICIT_RETAIN_SELF = YES;
				CLANG_WARN_OBJC_LITERAL_CONVERSION = YES;
				CLANG_WARN_OBJC_ROOT_CLASS = YES_ERROR;
				CLANG_WARN_QUOTED_INCLUDE_IN_FRAMEWORK_HEADER = YES;
				CLANG_WARN_RANGE_LOOP_ANALYSIS = YES;
				CLANG_WARN_STRICT_PROTOTYPES = YES;
				CLANG_WARN_SUSPICIOUS_MOVE = YES;
				CLANG_WARN_UNGUARDED_AVAILABILITY = YES_AGGRESSIVE;
				CLANG_WARN_UNREACHABLE_CODE = YES;
				CLANG_WARN__DUPLICATE_METHOD_MATCH = YES;
				COPY_PHASE_STRIP = NO;
				DEBUG_INFORMATION_FORMAT = "dwarf-with-dsym";
				ENABLE_NS_ASSERTIONS = NO;
				ENABLE_STRICT_OBJC_MSGSEND = YES;
				ENABLE_USER_SCRIPT_SANDBOXING = YES;
				GCC_C_LANGUAGE_STANDARD = gnu17;
				GCC_NO_COMMON_BLOCKS = YES;
				GCC_WARN_64_TO_32_BIT_CONVERSION = YES;
				GCC_WARN_ABOUT_RETURN_TYPE = YES_ERROR;
				GCC_WARN_UNDECLARED_SELECTOR = YES;
				GCC_WARN_UNINITIALIZED_AUTOS = YES_AGGRESSIVE;
				GCC_WARN_UNUSED_FUNCTION = YES;
				GCC_WARN_UNUSED_VARIABLE = YES;
				IPHONEOS_DEPLOYMENT_TARGET = 18.4;
				LOCALIZATION_PREFERS_STRING_CATALOGS = YES;
				MTL_ENABLE_DEBUG_INFO = NO;
				MTL_FAST_MATH = YES;
				SDKROOT = iphoneos;
				SWIFT_COMPILATION_MODE = wholemodule;
				VALIDATE_PRODUCT = YES;
			};
			name = Release;
		};
		CE5D9F3D2DDF0A5D00F7A5E0 /* Debug */ = {
			isa = XCBuildConfiguration;
			buildSettings = {
				BUNDLE_LOADER = "$(TEST_HOST)";
				CODE_SIGN_STYLE = Automatic;
				CURRENT_PROJECT_VERSION = 1;
				GENERATE_INFOPLIST_FILE = YES;
				IPHONEOS_DEPLOYMENT_TARGET = 18.4;
				MARKETING_VERSION = 1.0;
				PRODUCT_BUNDLE_IDENTIFIER = "com.mohsin.Muscle-JournalTests";
				PRODUCT_NAME = "$(TARGET_NAME)";
				SWIFT_EMIT_LOC_STRINGS = NO;
				SWIFT_VERSION = 5.0;
				TARGETED_DEVICE_FAMILY = "1,2";
				TEST_HOST = "$(BUILT_PRODUCTS_DIR)/Muscle_Journal.app/$(BUNDLE_EXECUTABLE_FOLDER_PATH)/Muscle_Journal";
			};
			name = Debug;
		};
		CE5D9F3E2DDF0A5D00F7A5E0 /* Release */ = {
			isa = XCBuildConfiguration;
			buildSettings = {
				BUNDLE_LOADER = "$(TEST_HOST)";
				CODE_SIGN_STYLE = Automatic;
				CURRENT_PROJECT_VERSION = 1;
				GENERATE_INFOPLIST_FILE = YES;
				IPHONEOS_DEPLOYMENT_TARGET = 18.4;
				MARKETING_VERSION = 1.0;
				PRODUCT_BUNDLE_IDENTIFIER = "com.mohsin.Muscle-JournalTests";
				PRODUCT_NAME = "$(TARGET_NAME)";
				SWIFT_EMIT_LOC_STRINGS = NO;
				SWIFT_VERSION = 5.0;
				TARGETED_DEVICE_FAMILY = "1,2";
				TEST_HOST = "$(BUILT_PRODUCTS_DIR)/Muscle_Journal.app/$(BUNDLE_EXECUTABLE_FOLDER_PATH)/Muscle_Journal";
			};
			name = Release;
		};
		CE5D9F402DDF0A5D00F7A5E0 /* Debug */ = {
			isa = XCBuildConfiguration;
			buildSettings = {
				CODE_SIGN_STYLE = Automatic;
				CURRENT_PROJECT_VERSION = 1;
				GENERATE_INFOPLIST_FILE = YES;
				MARKETING_VERSION = 1.0;
				PRODUCT_BUNDLE_IDENTIFIER = "com.mohsin.Muscle-JournalUITests";
				PRODUCT_NAME = "$(TARGET_NAME)";
				SWIFT_EMIT_LOC_STRINGS = NO;
				SWIFT_VERSION = 5.0;
				TARGETED_DEVICE_FAMILY = "1,2";
				TEST_TARGET_NAME = Muscle_Journal;
			};
			name = Debug;
		};
		CE5D9F412DDF0A5D00F7A5E0 /* Release */ = {
			isa = XCBuildConfiguration;
			buildSettings = {
				CODE_SIGN_STYLE = Automatic;
				CURRENT_PROJECT_VERSION = 1;
				GENERATE_INFOPLIST_FILE = YES;
				MARKETING_VERSION = 1.0;
				PRODUCT_BUNDLE_IDENTIFIER = "com.mohsin.Muscle-JournalUITests";
				PRODUCT_NAME = "$(TARGET_NAME)";
				SWIFT_EMIT_LOC_STRINGS = NO;
				SWIFT_VERSION = 5.0;
				TARGETED_DEVICE_FAMILY = "1,2";
				TEST_TARGET_NAME = Muscle_Journal;
			};
			name = Release;
		};
/* End XCBuildConfiguration section */

/* Begin XCConfigurationList section */
		CE5D9F0B2DDF0A5B00F7A5E0 /* Build configuration list for PBXProject "Muscle_Journal" */ = {
			isa = XCConfigurationList;
			buildConfigurations = (
				CE5D9F3A2DDF0A5D00F7A5E0 /* Debug */,
				CE5D9F3B2DDF0A5D00F7A5E0 /* Release */,
			);
			defaultConfigurationIsVisible = 0;
			defaultConfigurationName = Release;
		};
		CE5D9F372DDF0A5D00F7A5E0 /* Build configuration list for PBXNativeTarget "Muscle_Journal" */ = {
			isa = XCConfigurationList;
			buildConfigurations = (
				CE5D9F382DDF0A5D00F7A5E0 /* Debug */,
				CE5D9F392DDF0A5D00F7A5E0 /* Release */,
			);
			defaultConfigurationIsVisible = 0;
			defaultConfigurationName = Release;
		};
		CE5D9F3C2DDF0A5D00F7A5E0 /* Build configuration list for PBXNativeTarget "Muscle_JournalTests" */ = {
			isa = XCConfigurationList;
			buildConfigurations = (
				CE5D9F3D2DDF0A5D00F7A5E0 /* Debug */,
				CE5D9F3E2DDF0A5D00F7A5E0 /* Release */,
			);
			defaultConfigurationIsVisible = 0;
			defaultConfigurationName = Release;
		};
		CE5D9F3F2DDF0A5D00F7A5E0 /* Build configuration list for PBXNativeTarget "Muscle_JournalUITests" */ = {
			isa = XCConfigurationList;
			buildConfigurations = (
				CE5D9F402DDF0A5D00F7A5E0 /* Debug */,
				CE5D9F412DDF0A5D00F7A5E0 /* Release */,
			);
			defaultConfigurationIsVisible = 0;
			defaultConfigurationName = Release;
		};
/* End XCConfigurationList section */
	};
	rootObject = CE5D9F082DDF0A5B00F7A5E0 /* Project object */;
}
