// !$*UTF8*$!
{
	archiveVersion = 1;
	classes = {
	};
	objectVersion = 77;
	objects = {

/* Begin PBXContainerItemProxy section */
		CEC46A842DD1D9C000837065 /* PBXContainerItemProxy */ = {
			isa = PBXContainerItemProxy;
			containerPortal = CEC46A672DD1D9BE00837065 /* Project object */;
			proxyType = 1;
			remoteGlobalIDString = CEC46A6E2DD1D9BE00837065;
			remoteInfo = "GYM Tracker";
		};
		CEC46A8E2DD1D9C000837065 /* PBXContainerItemProxy */ = {
			isa = PBXContainerItemProxy;
			containerPortal = CEC46A672DD1D9BE00837065 /* Project object */;
			proxyType = 1;
			remoteGlobalIDString = CEC46A6E2DD1D9BE00837065;
			remoteInfo = "GYM Tracker";
		};
/* End PBXContainerItemProxy section */

/* Begin PBXFileReference section */
		CEC46A6F2DD1D9BE00837065 /* GYM Tracker.app */ = {isa = PBXFileReference; explicitFileType = wrapper.application; includeInIndex = 0; path = "GYM Tracker.app"; sourceTree = BUILT_PRODUCTS_DIR; };
		CEC46A832DD1D9C000837065 /* GYM TrackerTests.xctest */ = {isa = PBXFileReference; explicitFileType = wrapper.cfbundle; includeInIndex = 0; path = "GYM TrackerTests.xctest"; sourceTree = BUILT_PRODUCTS_DIR; };
		CEC46A8D2DD1D9C000837065 /* GYM TrackerUITests.xctest */ = {isa = PBXFileReference; explicitFileType = wrapper.cfbundle; includeInIndex = 0; path = "GYM TrackerUITests.xctest"; sourceTree = BUILT_PRODUCTS_DIR; };
/* End PBXFileReference section */

/* Begin PBXFileSystemSynchronizedRootGroup section */
		CE4201572DD25F15003BDD43 /* Components  */ = {
			isa = PBXFileSystemSynchronizedRootGroup;
			path = "Components ";
			sourceTree = "<group>";
		};
		CEC46A862DD1D9C000837065 /* GYM TrackerTests */ = {
			isa = PBXFileSystemSynchronizedRootGroup;
			path = "GYM TrackerTests";
			sourceTree = "<group>";
		};
		CEC46A902DD1D9C000837065 /* GYM TrackerUITests */ = {
			isa = PBXFileSystemSynchronizedRootGroup;
			path = "GYM TrackerUITests";
			sourceTree = "<group>";
		};
		CEC46AA42DD1F75500837065 /* App */ = {
			isa = PBXFileSystemSynchronizedRootGroup;
			path = App;
			sourceTree = "<group>";
		};
		CEC46AA62DD1F7C400837065 /* Views */ = {
			isa = PBXFileSystemSynchronizedRootGroup;
			path = Views;
			sourceTree = "<group>";
		};
		CEC46AB72DD1F8AF00837065 /* Models */ = {
			isa = PBXFileSystemSynchronizedRootGroup;
			path = Models;
			sourceTree = "<group>";
		};
		CEC46ABE2DD1F90600837065 /* ViewModels */ = {
			isa = PBXFileSystemSynchronizedRootGroup;
			path = ViewModels;
			sourceTree = "<group>";
		};
/* End PBXFileSystemSynchronizedRootGroup section */

/* Begin PBXFrameworksBuildPhase section */
		CEC46A6C2DD1D9BE00837065 /* Frameworks */ = {
			isa = PBXFrameworksBuildPhase;
			buildActionMask = 2147483647;
			files = (
			);
			runOnlyForDeploymentPostprocessing = 0;
		};
		CEC46A802DD1D9C000837065 /* Frameworks */ = {
			isa = PBXFrameworksBuildPhase;
			buildActionMask = 2147483647;
			files = (
			);
			runOnlyForDeploymentPostprocessing = 0;
		};
		CEC46A8A2DD1D9C000837065 /* Frameworks */ = {
			isa = PBXFrameworksBuildPhase;
			buildActionMask = 2147483647;
			files = (
			);
			runOnlyForDeploymentPostprocessing = 0;
		};
/* End PBXFrameworksBuildPhase section */

/* Begin PBXGroup section */
		CEC46A662DD1D9BE00837065 = {
			isa = PBXGroup;
			children = (
				CEC46AA42DD1F75500837065 /* App */,
				CE4201572DD25F15003BDD43 /* Components  */,
				CEC46AA62DD1F7C400837065 /* Views */,
				CEC46AB72DD1F8AF00837065 /* Models */,
				CEC46ABE2DD1F90600837065 /* ViewModels */,
				CEC46A862DD1D9C000837065 /* GYM TrackerTests */,
				CEC46A902DD1D9C000837065 /* GYM TrackerUITests */,
				CEC46A702DD1D9BE00837065 /* Products */,
			);
			sourceTree = "<group>";
		};
		CEC46A702DD1D9BE00837065 /* Products */ = {
			isa = PBXGroup;
			children = (
				CEC46A6F2DD1D9BE00837065 /* GYM Tracker.app */,
				CEC46A832DD1D9C000837065 /* GYM TrackerTests.xctest */,
				CEC46A8D2DD1D9C000837065 /* GYM TrackerUITests.xctest */,
			);
			name = Products;
			sourceTree = "<group>";
		};
/* End PBXGroup section */

/* Begin PBXNativeTarget section */
		CEC46A6E2DD1D9BE00837065 /* GYM Tracker */ = {
			isa = PBXNativeTarget;
			buildConfigurationList = CEC46A962DD1D9C000837065 /* Build configuration list for PBXNativeTarget "GYM Tracker" */;
			buildPhases = (
				CEC46A6B2DD1D9BE00837065 /* Sources */,
				CEC46A6C2DD1D9BE00837065 /* Frameworks */,
				CEC46A6D2DD1D9BE00837065 /* Resources */,
			);
			buildRules = (
			);
			dependencies = (
			);
			fileSystemSynchronizedGroups = (
				CE4201572DD25F15003BDD43 /* Components  */,
				CEC46AA42DD1F75500837065 /* App */,
				CEC46AA62DD1F7C400837065 /* Views */,
				CEC46AB72DD1F8AF00837065 /* Models */,
				CEC46ABE2DD1F90600837065 /* ViewModels */,
			);
			name = "GYM Tracker";
			packageProductDependencies = (
			);
			productName = "GYM Tracker";
			productReference = CEC46A6F2DD1D9BE00837065 /* GYM Tracker.app */;
			productType = "com.apple.product-type.application";
		};
		CEC46A822DD1D9C000837065 /* GYM TrackerTests */ = {
			isa = PBXNativeTarget;
			buildConfigurationList = CEC46A9B2DD1D9C000837065 /* Build configuration list for PBXNativeTarget "GYM TrackerTests" */;
			buildPhases = (
				CEC46A7F2DD1D9C000837065 /* Sources */,
				CEC46A802DD1D9C000837065 /* Frameworks */,
				CEC46A812DD1D9C000837065 /* Resources */,
			);
			buildRules = (
			);
			dependencies = (
				CEC46A852DD1D9C000837065 /* PBXTargetDependency */,
			);
			fileSystemSynchronizedGroups = (
				CEC46A862DD1D9C000837065 /* GYM TrackerTests */,
			);
			name = "GYM TrackerTests";
			packageProductDependencies = (
			);
			productName = "GYM TrackerTests";
			productReference = CEC46A832DD1D9C000837065 /* GYM TrackerTests.xctest */;
			productType = "com.apple.product-type.bundle.unit-test";
		};
		CEC46A8C2DD1D9C000837065 /* GYM TrackerUITests */ = {
			isa = PBXNativeTarget;
			buildConfigurationList = CEC46A9E2DD1D9C000837065 /* Build configuration list for PBXNativeTarget "GYM TrackerUITests" */;
			buildPhases = (
				CEC46A892DD1D9C000837065 /* Sources */,
				CEC46A8A2DD1D9C000837065 /* Frameworks */,
				CEC46A8B2DD1D9C000837065 /* Resources */,
			);
			buildRules = (
			);
			dependencies = (
				CEC46A8F2DD1D9C000837065 /* PBXTargetDependency */,
			);
			fileSystemSynchronizedGroups = (
				CEC46A902DD1D9C000837065 /* GYM TrackerUITests */,
			);
			name = "GYM TrackerUITests";
			packageProductDependencies = (
			);
			productName = "GYM TrackerUITests";
			productReference = CEC46A8D2DD1D9C000837065 /* GYM TrackerUITests.xctest */;
			productType = "com.apple.product-type.bundle.ui-testing";
		};
/* End PBXNativeTarget section */

/* Begin PBXProject section */
		CEC46A672DD1D9BE00837065 /* Project object */ = {
			isa = PBXProject;
			attributes = {
				BuildIndependentTargetsInParallel = 1;
				LastSwiftUpdateCheck = 1630;
				LastUpgradeCheck = 1630;
				TargetAttributes = {
					CEC46A6E2DD1D9BE00837065 = {
						CreatedOnToolsVersion = 16.3;
					};
					CEC46A822DD1D9C000837065 = {
						CreatedOnToolsVersion = 16.3;
						TestTargetID = CEC46A6E2DD1D9BE00837065;
					};
					CEC46A8C2DD1D9C000837065 = {
						CreatedOnToolsVersion = 16.3;
						TestTargetID = CEC46A6E2DD1D9BE00837065;
					};
				};
			};
			buildConfigurationList = CEC46A6A2DD1D9BE00837065 /* Build configuration list for PBXProject "GYM Tracker" */;
			developmentRegion = en;
			hasScannedForEncodings = 0;
			knownRegions = (
				en,
				Base,
			);
			mainGroup = CEC46A662DD1D9BE00837065;
			minimizedProjectReferenceProxies = 1;
			preferredProjectObjectVersion = 77;
			productRefGroup = CEC46A702DD1D9BE00837065 /* Products */;
			projectDirPath = "";
			projectRoot = "";
			targets = (
				CEC46A6E2DD1D9BE00837065 /* GYM Tracker */,
				CEC46A822DD1D9C000837065 /* GYM TrackerTests */,
				CEC46A8C2DD1D9C000837065 /* GYM TrackerUITests */,
			);
		};
/* End PBXProject section */

/* Begin PBXResourcesBuildPhase section */
		CEC46A6D2DD1D9BE00837065 /* Resources */ = {
			isa = PBXResourcesBuildPhase;
			buildActionMask = 2147483647;
			files = (
			);
			runOnlyForDeploymentPostprocessing = 0;
		};
		CEC46A812DD1D9C000837065 /* Resources */ = {
			isa = PBXResourcesBuildPhase;
			buildActionMask = 2147483647;
			files = (
			);
			runOnlyForDeploymentPostprocessing = 0;
		};
		CEC46A8B2DD1D9C000837065 /* Resources */ = {
			isa = PBXResourcesBuildPhase;
			buildActionMask = 2147483647;
			files = (
			);
			runOnlyForDeploymentPostprocessing = 0;
		};
/* End PBXResourcesBuildPhase section */

/* Begin PBXSourcesBuildPhase section */
		CEC46A6B2DD1D9BE00837065 /* Sources */ = {
			isa = PBXSourcesBuildPhase;
			buildActionMask = 2147483647;
			files = (
			);
			runOnlyForDeploymentPostprocessing = 0;
		};
		CEC46A7F2DD1D9C000837065 /* Sources */ = {
			isa = PBXSourcesBuildPhase;
			buildActionMask = 2147483647;
			files = (
			);
			runOnlyForDeploymentPostprocessing = 0;
		};
		CEC46A892DD1D9C000837065 /* Sources */ = {
			isa = PBXSourcesBuildPhase;
			buildActionMask = 2147483647;
			files = (
			);
			runOnlyForDeploymentPostprocessing = 0;
		};
/* End PBXSourcesBuildPhase section */

/* Begin PBXTargetDependency section */
		CEC46A852DD1D9C000837065 /* PBXTargetDependency */ = {
			isa = PBXTargetDependency;
			target = CEC46A6E2DD1D9BE00837065 /* GYM Tracker */;
			targetProxy = CEC46A842DD1D9C000837065 /* PBXContainerItemProxy */;
		};
		CEC46A8F2DD1D9C000837065 /* PBXTargetDependency */ = {
			isa = PBXTargetDependency;
			target = CEC46A6E2DD1D9BE00837065 /* GYM Tracker */;
			targetProxy = CEC46A8E2DD1D9C000837065 /* PBXContainerItemProxy */;
		};
/* End PBXTargetDependency section */

/* Begin XCBuildConfiguration section */
		CEC46A972DD1D9C000837065 /* Debug */ = {
			isa = XCBuildConfiguration;
			buildSettings = {
				ASSETCATALOG_COMPILER_APPICON_NAME = AppIcon;
				ASSETCATALOG_COMPILER_GLOBAL_ACCENT_COLOR_NAME = AccentColor;
				CODE_SIGN_ENTITLEMENTS = "GYM Tracker/GYM_Tracker.entitlements";
				CODE_SIGN_STYLE = Automatic;
				CURRENT_PROJECT_VERSION = 1;
				ENABLE_PREVIEWS = YES;
				GENERATE_INFOPLIST_FILE = YES;
				INFOPLIST_FILE = "GYM Tracker/Info.plist";
				INFOPLIST_KEY_UIApplicationSceneManifest_Generation = YES;
				INFOPLIST_KEY_UIApplicationSupportsIndirectInputEvents = YES;
				INFOPLIST_KEY_UILaunchScreen_Generation = YES;
				INFOPLIST_KEY_UISupportedInterfaceOrientations_iPad = "UIInterfaceOrientationPortrait UIInterfaceOrientationPortraitUpsideDown UIInterfaceOrientationLandscapeLeft UIInterfaceOrientationLandscapeRight";
				INFOPLIST_KEY_UISupportedInterfaceOrientations_iPhone = "UIInterfaceOrientationPortrait UIInterfaceOrientationLandscapeLeft UIInterfaceOrientationLandscapeRight";
				LD_RUNPATH_SEARCH_PATHS = (
					"$(inherited)",
					"@executable_path/Frameworks",
				);
				MARKETING_VERSION = 1.0;
				PRODUCT_BUNDLE_IDENTIFIER = "com.mohsin.GYM-Tracker";
				PRODUCT_NAME = "$(TARGET_NAME)";
				SWIFT_EMIT_LOC_STRINGS = YES;
				SWIFT_VERSION = 5.0;
				TARGETED_DEVICE_FAMILY = "1,2";
			};
			name = Debug;
		};
		CEC46A982DD1D9C000837065 /* Release */ = {
			isa = XCBuildConfiguration;
			buildSettings = {
				ASSETCATALOG_COMPILER_APPICON_NAME = AppIcon;
				ASSETCATALOG_COMPILER_GLOBAL_ACCENT_COLOR_NAME = AccentColor;
				CODE_SIGN_ENTITLEMENTS = "GYM Tracker/GYM_Tracker.entitlements";
				CODE_SIGN_STYLE = Automatic;
				CURRENT_PROJECT_VERSION = 1;
				ENABLE_PREVIEWS = YES;
				GENERATE_INFOPLIST_FILE = YES;
				INFOPLIST_FILE = "GYM Tracker/Info.plist";
				INFOPLIST_KEY_UIApplicationSceneManifest_Generation = YES;
				INFOPLIST_KEY_UIApplicationSupportsIndirectInputEvents = YES;
				INFOPLIST_KEY_UILaunchScreen_Generation = YES;
				INFOPLIST_KEY_UISupportedInterfaceOrientations_iPad = "UIInterfaceOrientationPortrait UIInterfaceOrientationPortraitUpsideDown UIInterfaceOrientationLandscapeLeft UIInterfaceOrientationLandscapeRight";
				INFOPLIST_KEY_UISupportedInterfaceOrientations_iPhone = "UIInterfaceOrientationPortrait UIInterfaceOrientationLandscapeLeft UIInterfaceOrientationLandscapeRight";
				LD_RUNPATH_SEARCH_PATHS = (
					"$(inherited)",
					"@executable_path/Frameworks",
				);
				MARKETING_VERSION = 1.0;
				PRODUCT_BUNDLE_IDENTIFIER = "com.mohsin.GYM-Tracker";
				PRODUCT_NAME = "$(TARGET_NAME)";
				SWIFT_EMIT_LOC_STRINGS = YES;
				SWIFT_VERSION = 5.0;
				TARGETED_DEVICE_FAMILY = "1,2";
			};
			name = Release;
		};
		CEC46A992DD1D9C000837065 /* Debug */ = {
			isa = XCBuildConfiguration;
			buildSettings = {
				ALWAYS_SEARCH_USER_PATHS = NO;
				ASSETCATALOG_COMPILER_GENERATE_SWIFT_ASSET_SYMBOL_EXTENSIONS = YES;
				CLANG_ANALYZER_NONNULL = YES;
				CLANG_ANALYZER_NUMBER_OBJECT_CONVERSION = YES_AGGRESSIVE;
				CLANG_CXX_LANGUAGE_STANDARD = "gnu++20";
				CLANG_ENABLE_MODULES = YES;
				CLANG_ENABLE_OBJC_ARC = YES;
				CLANG_ENABLE_OBJC_WEAK = YES;
				CLANG_WARN_BLOCK_CAPTURE_AUTORELEASING = YES;
				CLANG_WARN_BOOL_CONVERSION = YES;
				CLANG_WARN_COMMA = YES;
				CLANG_WARN_CONSTANT_CONVERSION = YES;
				CLANG_WARN_DEPRECATED_OBJC_IMPLEMENTATIONS = YES;
				CLANG_WARN_DIRECT_OBJC_ISA_USAGE = YES_ERROR;
				CLANG_WARN_DOCUMENTATION_COMMENTS = YES;
				CLANG_WARN_EMPTY_BODY = YES;
				CLANG_WARN_ENUM_CONVERSION = YES;
				CLANG_WARN_INFINITE_RECURSION = YES;
				CLANG_WARN_INT_CONVERSION = YES;
				CLANG_WARN_NON_LITERAL_NULL_CONVERSION = YES;
				CLANG_WARN_OBJC_IMPLICIT_RETAIN_SELF = YES;
				CLANG_WARN_OBJC_LITERAL_CONVERSION = YES;
				CLANG_WARN_OBJC_ROOT_CLASS = YES_ERROR;
				CLANG_WARN_QUOTED_INCLUDE_IN_FRAMEWORK_HEADER = YES;
				CLANG_WARN_RANGE_LOOP_ANALYSIS = YES;
				CLANG_WARN_STRICT_PROTOTYPES = YES;
				CLANG_WARN_SUSPICIOUS_MOVE = YES;
				CLANG_WARN_UNGUARDED_AVAILABILITY = YES_AGGRESSIVE;
				CLANG_WARN_UNREACHABLE_CODE = YES;
				CLANG_WARN__DUPLICATE_METHOD_MATCH = YES;
				COPY_PHASE_STRIP = NO;
				DEBUG_INFORMATION_FORMAT = dwarf;
				ENABLE_STRICT_OBJC_MSGSEND = YES;
				ENABLE_TESTABILITY = YES;
				ENABLE_USER_SCRIPT_SANDBOXING = YES;
				GCC_C_LANGUAGE_STANDARD = gnu17;
				GCC_DYNAMIC_NO_PIC = NO;
				GCC_NO_COMMON_BLOCKS = YES;
				GCC_OPTIMIZATION_LEVEL = 0;
				GCC_PREPROCESSOR_DEFINITIONS = (
					"DEBUG=1",
					"$(inherited)",
				);
				GCC_WARN_64_TO_32_BIT_CONVERSION = YES;
				GCC_WARN_ABOUT_RETURN_TYPE = YES_ERROR;
				GCC_WARN_UNDECLARED_SELECTOR = YES;
				GCC_WARN_UNINITIALIZED_AUTOS = YES_AGGRESSIVE;
				GCC_WARN_UNUSED_FUNCTION = YES;
				GCC_WARN_UNUSED_VARIABLE = YES;
				IPHONEOS_DEPLOYMENT_TARGET = 18.4;
				LOCALIZATION_PREFERS_STRING_CATALOGS = YES;
				MTL_ENABLE_DEBUG_INFO = INCLUDE_SOURCE;
				MTL_FAST_MATH = YES;
				ONLY_ACTIVE_ARCH = YES;
				SDKROOT = iphoneos;
				SWIFT_ACTIVE_COMPILATION_CONDITIONS = "DEBUG $(inherited)";
				SWIFT_OPTIMIZATION_LEVEL = "-Onone";
			};
			name = Debug;
		};
		CEC46A9A2DD1D9C000837065 /* Release */ = {
			isa = XCBuildConfiguration;
			buildSettings = {
				ALWAYS_SEARCH_USER_PATHS = NO;
				ASSETCATALOG_COMPILER_GENERATE_SWIFT_ASSET_SYMBOL_EXTENSIONS = YES;
				CLANG_ANALYZER_NONNULL = YES;
				CLANG_ANALYZER_NUMBER_OBJECT_CONVERSION = YES_AGGRESSIVE;
				CLANG_CXX_LANGUAGE_STANDARD = "gnu++20";
				CLANG_ENABLE_MODULES = YES;
				CLANG_ENABLE_OBJC_ARC = YES;
				CLANG_ENABLE_OBJC_WEAK = YES;
				CLANG_WARN_BLOCK_CAPTURE_AUTORELEASING = YES;
				CLANG_WARN_BOOL_CONVERSION = YES;
				CLANG_WARN_COMMA = YES;
				CLANG_WARN_CONSTANT_CONVERSION = YES;
				CLANG_WARN_DEPRECATED_OBJC_IMPLEMENTATIONS = YES;
				CLANG_WARN_DIRECT_OBJC_ISA_USAGE = YES_ERROR;
				CLANG_WARN_DOCUMENTATION_COMMENTS = YES;
				CLANG_WARN_EMPTY_BODY = YES;
				CLANG_WARN_ENUM_CONVERSION = YES;
				CLANG_WARN_INFINITE_RECURSION = YES;
				CLANG_WARN_INT_CONVERSION = YES;
				CLANG_WARN_NON_LITERAL_NULL_CONVERSION = YES;
				CLANG_WARN_OBJC_IMPLICIT_RETAIN_SELF = YES;
				CLANG_WARN_OBJC_LITERAL_CONVERSION = YES;
				CLANG_WARN_OBJC_ROOT_CLASS = YES_ERROR;
				CLANG_WARN_QUOTED_INCLUDE_IN_FRAMEWORK_HEADER = YES;
				CLANG_WARN_RANGE_LOOP_ANALYSIS = YES;
				CLANG_WARN_STRICT_PROTOTYPES = YES;
				CLANG_WARN_SUSPICIOUS_MOVE = YES;
				CLANG_WARN_UNGUARDED_AVAILABILITY = YES_AGGRESSIVE;
				CLANG_WARN_UNREACHABLE_CODE = YES;
				CLANG_WARN__DUPLICATE_METHOD_MATCH = YES;
				COPY_PHASE_STRIP = NO;
				DEBUG_INFORMATION_FORMAT = "dwarf-with-dsym";
				ENABLE_NS_ASSERTIONS = NO;
				ENABLE_STRICT_OBJC_MSGSEND = YES;
				ENABLE_USER_SCRIPT_SANDBOXING = YES;
				GCC_C_LANGUAGE_STANDARD = gnu17;
				GCC_NO_COMMON_BLOCKS = YES;
				GCC_WARN_64_TO_32_BIT_CONVERSION = YES;
				GCC_WARN_ABOUT_RETURN_TYPE = YES_ERROR;
				GCC_WARN_UNDECLARED_SELECTOR = YES;
				GCC_WARN_UNINITIALIZED_AUTOS = YES_AGGRESSIVE;
				GCC_WARN_UNUSED_FUNCTION = YES;
				GCC_WARN_UNUSED_VARIABLE = YES;
				IPHONEOS_DEPLOYMENT_TARGET = 18.4;
				LOCALIZATION_PREFERS_STRING_CATALOGS = YES;
				MTL_ENABLE_DEBUG_INFO = NO;
				MTL_FAST_MATH = YES;
				SDKROOT = iphoneos;
				SWIFT_COMPILATION_MODE = wholemodule;
				VALIDATE_PRODUCT = YES;
			};
			name = Release;
		};
		CEC46A9C2DD1D9C000837065 /* Debug */ = {
			isa = XCBuildConfiguration;
			buildSettings = {
				BUNDLE_LOADER = "$(TEST_HOST)";
				CODE_SIGN_STYLE = Automatic;
				CURRENT_PROJECT_VERSION = 1;
				GENERATE_INFOPLIST_FILE = YES;
				IPHONEOS_DEPLOYMENT_TARGET = 18.4;
				MARKETING_VERSION = 1.0;
				PRODUCT_BUNDLE_IDENTIFIER = "com.mohsin.GYM-TrackerTests";
				PRODUCT_NAME = "$(TARGET_NAME)";
				SWIFT_EMIT_LOC_STRINGS = NO;
				SWIFT_VERSION = 5.0;
				TARGETED_DEVICE_FAMILY = "1,2";
				TEST_HOST = "$(BUILT_PRODUCTS_DIR)/GYM Tracker.app/$(BUNDLE_EXECUTABLE_FOLDER_PATH)/GYM Tracker";
			};
			name = Debug;
		};
		CEC46A9D2DD1D9C000837065 /* Release */ = {
			isa = XCBuildConfiguration;
			buildSettings = {
				BUNDLE_LOADER = "$(TEST_HOST)";
				CODE_SIGN_STYLE = Automatic;
				CURRENT_PROJECT_VERSION = 1;
				GENERATE_INFOPLIST_FILE = YES;
				IPHONEOS_DEPLOYMENT_TARGET = 18.4;
				MARKETING_VERSION = 1.0;
				PRODUCT_BUNDLE_IDENTIFIER = "com.mohsin.GYM-TrackerTests";
				PRODUCT_NAME = "$(TARGET_NAME)";
				SWIFT_EMIT_LOC_STRINGS = NO;
				SWIFT_VERSION = 5.0;
				TARGETED_DEVICE_FAMILY = "1,2";
				TEST_HOST = "$(BUILT_PRODUCTS_DIR)/GYM Tracker.app/$(BUNDLE_EXECUTABLE_FOLDER_PATH)/GYM Tracker";
			};
			name = Release;
		};
		CEC46A9F2DD1D9C000837065 /* Debug */ = {
			isa = XCBuildConfiguration;
			buildSettings = {
				CODE_SIGN_STYLE = Automatic;
				CURRENT_PROJECT_VERSION = 1;
				GENERATE_INFOPLIST_FILE = YES;
				MARKETING_VERSION = 1.0;
				PRODUCT_BUNDLE_IDENTIFIER = "com.mohsin.GYM-TrackerUITests";
				PRODUCT_NAME = "$(TARGET_NAME)";
				SWIFT_EMIT_LOC_STRINGS = NO;
				SWIFT_VERSION = 5.0;
				TARGETED_DEVICE_FAMILY = "1,2";
				TEST_TARGET_NAME = "GYM Tracker";
			};
			name = Debug;
		};
		CEC46AA02DD1D9C000837065 /* Release */ = {
			isa = XCBuildConfiguration;
			buildSettings = {
				CODE_SIGN_STYLE = Automatic;
				CURRENT_PROJECT_VERSION = 1;
				GENERATE_INFOPLIST_FILE = YES;
				MARKETING_VERSION = 1.0;
				PRODUCT_BUNDLE_IDENTIFIER = "com.mohsin.GYM-TrackerUITests";
				PRODUCT_NAME = "$(TARGET_NAME)";
				SWIFT_EMIT_LOC_STRINGS = NO;
				SWIFT_VERSION = 5.0;
				TARGETED_DEVICE_FAMILY = "1,2";
				TEST_TARGET_NAME = "GYM Tracker";
			};
			name = Release;
		};
/* End XCBuildConfiguration section */

/* Begin XCConfigurationList section */
		CEC46A6A2DD1D9BE00837065 /* Build configuration list for PBXProject "GYM Tracker" */ = {
			isa = XCConfigurationList;
			buildConfigurations = (
				CEC46A992DD1D9C000837065 /* Debug */,
				CEC46A9A2DD1D9C000837065 /* Release */,
			);
			defaultConfigurationIsVisible = 0;
			defaultConfigurationName = Release;
		};
		CEC46A962DD1D9C000837065 /* Build configuration list for PBXNativeTarget "GYM Tracker" */ = {
			isa = XCConfigurationList;
			buildConfigurations = (
				CEC46A972DD1D9C000837065 /* Debug */,
				CEC46A982DD1D9C000837065 /* Release */,
			);
			defaultConfigurationIsVisible = 0;
			defaultConfigurationName = Release;
		};
		CEC46A9B2DD1D9C000837065 /* Build configuration list for PBXNativeTarget "GYM TrackerTests" */ = {
			isa = XCConfigurationList;
			buildConfigurations = (
				CEC46A9C2DD1D9C000837065 /* Debug */,
				CEC46A9D2DD1D9C000837065 /* Release */,
			);
			defaultConfigurationIsVisible = 0;
			defaultConfigurationName = Release;
		};
		CEC46A9E2DD1D9C000837065 /* Build configuration list for PBXNativeTarget "GYM TrackerUITests" */ = {
			isa = XCConfigurationList;
			buildConfigurations = (
				CEC46A9F2DD1D9C000837065 /* Debug */,
				CEC46AA02DD1D9C000837065 /* Release */,
			);
			defaultConfigurationIsVisible = 0;
			defaultConfigurationName = Release;
		};
/* End XCConfigurationList section */
	};
	rootObject = CEC46A672DD1D9BE00837065 /* Project object */;
}
